{
  "name": "AWS-Connect",
  "version": "1.0.0",
  "lockfileVersion": 1,
  "requires": true,
  "dependencies": {
    "aws-cli-js": {
      "version": "2.2.3",
      "resolved": "https://registry.npmjs.org/aws-cli-js/-/aws-cli-js-2.2.3.tgz",
      "integrity": "sha512-QHnL5VXtbXbcZK9xlvIUGr+iua5cgBXqEG0wXRoJ/DCjdG7M2jq0nSn2bV5rzuR7nOFyWFMwgLmaDXiTBSl7wg==",
      "requires": {
        "nodeify-ts": "1.0.6"
      }
    },
    "nodeify-ts": {
      "version": "1.0.6",
      "resolved": "https://registry.npmjs.org/nodeify-ts/-/nodeify-ts-1.0.6.tgz",
      "integrity": "sha512-jq+8sqVG1aLqy5maMTceL8NUJ1CvarWztlxvrYh3G0aao9BsVeoVmVedUnrUSBLetP7oLIAJrPrw4+iIo7v3GA=="
    }
  }
}
